
Microsoft Visual Studio Solution File, Format Version 12.00
Project("{FAE04EC0-301F-11D3-BF4B-00C04F79EFBC}") = "SchoolAccount.CollectNotifications", "SchoolAccount.CollectNotifications\SchoolAccount.CollectNotifications.csproj", "{FACFC631-CE7D-48D9-B5A5-AA3DADA151D4}"
EndProject
Project("{FAE04EC0-301F-11D3-BF4B-00C04F79EFBC}") = "SchoolAccount.CollectNotifications.Tests", "SchoolAccount.CollectNotifications.Tests\SchoolAccount.CollectNotifications.Tests.csproj", "{990204C0-6590-4B7A-BA89-263D0FE285B0}"
EndProject
Global
	GlobalSection(SolutionConfigurationPlatforms) = preSolution
		Debug|Any CPU = Debug|Any CPU
		Release|Any CPU = Release|Any CPU
	EndGlobalSection
	GlobalSection(ProjectConfigurationPlatforms) = postSolution
		{FACFC631-CE7D-48D9-B5A5-AA3DADA151D4}.Debug|Any CPU.ActiveCfg = Debug|Any CPU
		{FACFC631-CE7D-48D9-B5A5-AA3DADA151D4}.Debug|Any CPU.Build.0 = Debug|Any CPU
		{FACFC631-CE7D-48D9-B5A5-AA3DADA151D4}.Release|Any CPU.ActiveCfg = Release|Any CPU
		{FACFC631-CE7D-48D9-B5A5-AA3DADA151D4}.Release|Any CPU.Build.0 = Release|Any CPU
		{990204C0-6590-4B7A-BA89-263D0FE285B0}.Debug|Any CPU.ActiveCfg = Debug|Any CPU
		{990204C0-6590-4B7A-BA89-263D0FE285B0}.Debug|Any CPU.Build.0 = Debug|Any CPU
		{990204C0-6590-4B7A-BA89-263D0FE285B0}.Release|Any CPU.ActiveCfg = Release|Any CPU
		{990204C0-6590-4B7A-BA89-263D0FE285B0}.Release|Any CPU.Build.0 = Release|Any CPU
	EndGlobalSection
EndGlobal
