<Solution>
  <Folder Name="/src/">
    <Project Path="SchoolAccount.CollectNotifications/SchoolAccount.CollectNotifications.csproj" />
  </Folder>
  <Folder Name="/tests/">
    <Project Path="SchoolAccount.CollectNotifications.TestCommon/SchoolAccount.CollectNotifications.TestCommon.csproj" />
    <Project Path="SchoolAccount.CollectNotifications.UnitTests/SchoolAccount.CollectNotifications.UnitTests.csproj" />
    <Project Path="SchoolAccount.CollectNotifications.IntegrationTests/SchoolAccount.CollectNotifications.IntegrationTests.csproj" />
  </Folder>
  <Folder Name="/solution/">
    <File Path=".gitignore" />
    <File Path="README.md" />
  </Folder>
</Solution>
